
Microsoft Visual Studio Solution File, Format Version 12.00
# Visual Studio 14
VisualStudioVersion = 14.0.23107.0
MinimumVisualStudioVersion = 10.0.40219.1
Project("{FAE04EC0-301F-11D3-BF4B-00C04F79EFBC}") = "DemoMoq", "DemoMoq\DemoMoq.csproj", "{C6058BB6-195A-4513-8766-D8314A0439C6}"
EndProject
Project("{FAE04EC0-301F-11D3-BF4B-00C04F79EFBC}") = "DemoMoq.Tests", "DemoMoq.Tests\DemoMoq.Tests.csproj", "{B64F6A34-AEE1-4165-BE36-672599578BE3}"
EndProject
Global
	GlobalSection(SolutionConfigurationPlatforms) = preSolution
		Debug|Any CPU = Debug|Any CPU
		Release|Any CPU = Release|Any CPU
	EndGlobalSection
	GlobalSection(ProjectConfigurationPlatforms) = postSolution
		{C6058BB6-195A-4513-8766-D8314A0439C6}.Debug|Any CPU.ActiveCfg = Debug|Any CPU
		{C6058BB6-195A-4513-8766-D8314A0439C6}.Debug|Any CPU.Build.0 = Debug|Any CPU
		{C6058BB6-195A-4513-8766-D8314A0439C6}.Release|Any CPU.ActiveCfg = Release|Any CPU
		{C6058BB6-195A-4513-8766-D8314A0439C6}.Release|Any CPU.Build.0 = Release|Any CPU
		{B64F6A34-AEE1-4165-BE36-672599578BE3}.Debug|Any CPU.ActiveCfg = Debug|Any CPU
		{B64F6A34-AEE1-4165-BE36-672599578BE3}.Debug|Any CPU.Build.0 = Debug|Any CPU
		{B64F6A34-AEE1-4165-BE36-672599578BE3}.Release|Any CPU.ActiveCfg = Release|Any CPU
		{B64F6A34-AEE1-4165-BE36-672599578BE3}.Release|Any CPU.Build.0 = Release|Any CPU
	EndGlobalSection
	GlobalSection(SolutionProperties) = preSolution
		HideSolutionNode = FALSE
	EndGlobalSection
EndGlobal
